
Microsoft Visual Studio Solution File, Format Version 12.00
# Visual Studio Version 16
VisualStudioVersion = 16.0.29319.158
MinimumVisualStudioVersion = 10.0.40219.1
Project("{9A19103F-16F7-4668-BE54-9A1E7A4F7556}") = "GW2EIParser", "GW2EIParser\GW2EIParser.csproj", "{6135677E-6C0E-42DE-925E-1995E52E5AC5}"
EndProject
Project("{9A19103F-16F7-4668-BE54-9A1E7A4F7556}") = "GW2EIParser.tst", "GW2EIParser.tst\GW2EIParser.tst.csproj", "{D59E0D49-6854-40C6-BA61-236DDE04AEE9}"
EndProject
Project("{FAE04EC0-301F-11D3-BF4B-00C04F79EFBC}") = "GW2EIControllers", "GW2EIControllers\GW2EIControllers.csproj", "{333A23F3-CD0C-480C-836C-7FCAF8F9BB6B}"
EndProject
Project("{FAE04EC0-301F-11D3-BF4B-00C04F79EFBC}") = "GW2EIUtils", "GW2EIUtils\GW2EIUtils.csproj", "{BED03588-9C18-43F2-8F95-291D0CBACBA2}"
EndProject
Global
	GlobalSection(SolutionConfigurationPlatforms) = preSolution
		Debug|Any CPU = Debug|Any CPU
		Release|Any CPU = Release|Any CPU
	EndGlobalSection
	GlobalSection(ProjectConfigurationPlatforms) = postSolution
		{6135677E-6C0E-42DE-925E-1995E52E5AC5}.Debug|Any CPU.ActiveCfg = Debug|Any CPU
		{6135677E-6C0E-42DE-925E-1995E52E5AC5}.Debug|Any CPU.Build.0 = Debug|Any CPU
		{6135677E-6C0E-42DE-925E-1995E52E5AC5}.Release|Any CPU.ActiveCfg = Release|Any CPU
		{6135677E-6C0E-42DE-925E-1995E52E5AC5}.Release|Any CPU.Build.0 = Release|Any CPU
		{6135677E-6C0E-42DE-925E-1995E52E5AC5}.Release|Any CPU.Deploy.0 = Release|Any CPU
		{D59E0D49-6854-40C6-BA61-236DDE04AEE9}.Debug|Any CPU.ActiveCfg = Debug|Any CPU
		{D59E0D49-6854-40C6-BA61-236DDE04AEE9}.Debug|Any CPU.Build.0 = Debug|Any CPU
		{D59E0D49-6854-40C6-BA61-236DDE04AEE9}.Release|Any CPU.ActiveCfg = Release|Any CPU
		{D59E0D49-6854-40C6-BA61-236DDE04AEE9}.Release|Any CPU.Build.0 = Release|Any CPU
		{333A23F3-CD0C-480C-836C-7FCAF8F9BB6B}.Debug|Any CPU.ActiveCfg = Debug|Any CPU
		{333A23F3-CD0C-480C-836C-7FCAF8F9BB6B}.Debug|Any CPU.Build.0 = Debug|Any CPU
		{333A23F3-CD0C-480C-836C-7FCAF8F9BB6B}.Release|Any CPU.ActiveCfg = Release|Any CPU
		{333A23F3-CD0C-480C-836C-7FCAF8F9BB6B}.Release|Any CPU.Build.0 = Release|Any CPU
		{BED03588-9C18-43F2-8F95-291D0CBACBA2}.Debug|Any CPU.ActiveCfg = Debug|Any CPU
		{BED03588-9C18-43F2-8F95-291D0CBACBA2}.Debug|Any CPU.Build.0 = Debug|Any CPU
		{BED03588-9C18-43F2-8F95-291D0CBACBA2}.Release|Any CPU.ActiveCfg = Release|Any CPU
		{BED03588-9C18-43F2-8F95-291D0CBACBA2}.Release|Any CPU.Build.0 = Release|Any CPU
	EndGlobalSection
	GlobalSection(SolutionProperties) = preSolution
		HideSolutionNode = FALSE
	EndGlobalSection
	GlobalSection(ExtensibilityGlobals) = postSolution
		SolutionGuid = {5168D7D6-4F09-475C-B21C-10A522D4E3A4}
	EndGlobalSection
EndGlobal
