<Solution>
  <Configurations>
    <BuildType Name="Debug" />
    <BuildType Name="NoRewards" />
    <BuildType Name="Release" />
    <BuildType Name="Release-Linux" />
    <BuildType Name="Release-OSX" />
    <BuildType Name="Release-OSX-Arm" />
    <BuildType Name="Release-Linux-Arm" />
    <BuildType Name="Release-Win" />
    <BuildType Name="Trace" />
  </Configurations>
  <Folder Name="/Solution Items/">
    <File Path=".editorconfig" />
  </Folder>
  <Folder Name="/GW2EI.Library/" />
  <Folder Name="/GW2EI.Library/GW2EI.Models/">
    <Project Path="GW2EI.Library/GW2EI.Models/GW2EIJSON/GW2EIJSON.csproj">
      <BuildType Solution="Release-Linux|*" Project="Release" />
      <BuildType Solution="Release-Linux-Arm|*" Project="Release" />
      <BuildType Solution="Release-OSX|*" Project="Release" />
      <BuildType Solution="Release-OSX-Arm|*" Project="Release" />
      <BuildType Solution="Release-Win|*" Project="Release" />
    </Project>
  </Folder>
  <Folder Name="/GW2EI.Library/GW2EI.Repositories/">
    <Project Path="GW2EI.Library/GW2EI.Repositories/GW2EIDiscord/GW2EIDiscord.csproj">
      <BuildType Solution="Release-Linux|*" Project="Release" />
      <BuildType Solution="Release-Linux-Arm|*" Project="Release" />
      <BuildType Solution="Release-OSX|*" Project="Release" />
      <BuildType Solution="Release-OSX-Arm|*" Project="Release" />
      <BuildType Solution="Release-Win|*" Project="Release" />
    </Project>
    <Project Path="GW2EI.Library/GW2EI.Repositories/GW2EIDPSReport/GW2EIDPSReport.csproj">
      <BuildType Solution="Release-Linux|*" Project="Release" />
      <BuildType Solution="Release-Linux-Arm|*" Project="Release" />
      <BuildType Solution="Release-OSX|*" Project="Release" />
      <BuildType Solution="Release-OSX-Arm|*" Project="Release" />
      <BuildType Solution="Release-Win|*" Project="Release" />
    </Project>
    <Project Path="GW2EI.Library/GW2EI.Repositories/GW2EIGW2API/GW2EIGW2API.csproj">
      <BuildType Solution="Release-Linux|*" Project="Release" />
      <BuildType Solution="Release-Linux-Arm|*" Project="Release" />
      <BuildType Solution="Release-OSX|*" Project="Release" />
      <BuildType Solution="Release-OSX-Arm|*" Project="Release" />
      <BuildType Solution="Release-Win|*" Project="Release" />
    </Project>
    <Project Path="GW2EI.Library/GW2EI.Repositories/GW2EIUpdater/GW2EIUpdater.csproj">
      <BuildType Solution="Release-Linux|*" Project="Release" />
      <BuildType Solution="Release-Linux-Arm|*" Project="Release" />
      <BuildType Solution="Release-OSX|*" Project="Release" />
      <BuildType Solution="Release-OSX-Arm|*" Project="Release" />
      <BuildType Solution="Release-Win|*" Project="Release" />
    </Project>
    <Project Path="GW2EI.Library/GW2EI.Repositories/GW2EIWingman/GW2EIWingman.csproj">
      <BuildType Solution="Release-Linux|*" Project="Release" />
      <BuildType Solution="Release-Linux-Arm|*" Project="Release" />
      <BuildType Solution="Release-OSX|*" Project="Release" />
      <BuildType Solution="Release-OSX-Arm|*" Project="Release" />
      <BuildType Solution="Release-Win|*" Project="Release" />
    </Project>
  </Folder>
  <Folder Name="/GW2EI.Library/GW2EI.Services/">
    <Project Path="GW2EI.Library/GW2EI.Services/GW2EIBuilders/GW2EIBuilders.csproj">
      <BuildType Solution="Release-Linux|*" Project="Release" />
      <BuildType Solution="Release-Linux-Arm|*" Project="Release" />
      <BuildType Solution="Release-OSX|*" Project="Release" />
      <BuildType Solution="Release-OSX-Arm|*" Project="Release" />
      <BuildType Solution="Release-Win|*" Project="Release" />
    </Project>
    <Project Path="GW2EI.Library/GW2EI.Services/GW2EIEvtcParser/GW2EIEvtcParser.csproj">
      <BuildType Solution="Release-Linux|*" Project="Release" />
      <BuildType Solution="Release-Linux-Arm|*" Project="Release" />
      <BuildType Solution="Release-OSX|*" Project="Release" />
      <BuildType Solution="Release-OSX-Arm|*" Project="Release" />
      <BuildType Solution="Release-Win|*" Project="Release" />
    </Project>
    <Project Path="GW2EI.Library/GW2EI.Services/GW2EIParserCommons/GW2EIParserCommons.csproj">
      <BuildType Solution="Release-Linux|*" Project="Release" />
      <BuildType Solution="Release-Linux-Arm|*" Project="Release" />
      <BuildType Solution="Release-OSX|*" Project="Release" />
      <BuildType Solution="Release-OSX-Arm|*" Project="Release" />
      <BuildType Solution="Release-Win|*" Project="Release" />
    </Project>
  </Folder>
  <Folder Name="/GW2EI.Executables/" />
  <Folder Name="/GW2EI.Executables/GW2EI.Applications/">
    <Project Path="GW2EI.Executables/GW2EI.Applications/GW2EIParser/GW2EIParserWinForms.csproj">
      <BuildType Solution="Release-Linux|*" Project="Release" />
      <BuildType Solution="Release-Linux-Arm|*" Project="Release" />
      <BuildType Solution="Release-OSX|*" Project="Release" />
      <BuildType Solution="Release-OSX-Arm|*" Project="Release" />
      <BuildType Solution="Release-Win|*" Project="Release" />
    </Project>
    <Project Path="GW2EI.Executables/GW2EI.Applications/GW2EIParserAvalonia/GW2EIParserAvalonia.csproj">
    </Project>
    <Project Path="GW2EI.Executables/GW2EI.Applications/GW2EIParserCLI/GW2EIParserCLI.csproj">
      <BuildType Solution="Release-Linux|*" Project="Release" />
      <BuildType Solution="Release-Linux-Arm|*" Project="Release" />
      <BuildType Solution="Release-OSX|*" Project="Release" />
      <BuildType Solution="Release-OSX-Arm|*" Project="Release" />
      <BuildType Solution="Release-Win|*" Project="Release" />
    </Project>
  </Folder>
  <Folder Name="/GW2EI.Executables/GW2EI.Tests/">
    <Project Path="GW2EI.Executables/GW2EI.Tests/GW2EIParserBenchmark/GW2EIParserBenchmark.csproj">
      <BuildType Solution="Release-Linux|*" Project="Release" />
      <BuildType Solution="Release-Linux-Arm|*" Project="Release" />
      <BuildType Solution="Release-OSX|*" Project="Release" />
      <BuildType Solution="Release-OSX-Arm|*" Project="Release" />
      <BuildType Solution="Release-Win|*" Project="Release" />
    </Project>
    <Project Path="GW2EI.Executables/GW2EI.Tests/GW2EIParser.tst/GW2EIParser.tst.csproj">
      <BuildType Solution="Release-Linux|*" Project="Release" />
      <BuildType Solution="Release-Linux-Arm|*" Project="Release" />
      <BuildType Solution="Release-OSX|*" Project="Release" />
      <BuildType Solution="Release-OSX-Arm|*" Project="Release" />
      <BuildType Solution="Release-Win|*" Project="Release" />
    </Project>
  </Folder>
</Solution>
